// !$*UTF8*$!
{
	archiveVersion = 1;
	classes = {
	};
	objectVersion = 50;
	objects = {

/* Begin PBXBuildFile section */
		245F4A372164E6FE0060E0DA /* AppDelegate.swift in Sources */ = {isa = PBXBuildFile; fileRef = 245F4A362164E6FE0060E0DA /* AppDelegate.swift */; };
		245F4A392164E6FE0060E0DA /* ViewController.swift in Sources */ = {isa = PBXBuildFile; fileRef = 245F4A382164E6FE0060E0DA /* ViewController.swift */; };
		245F4A3C2164E6FF0060E0DA /* Main.storyboard in Resources */ = {isa = PBXBuildFile; fileRef = 245F4A3A2164E6FF0060E0DA /* Main.storyboard */; };
		245F4A3E2164E71B0060E0DA /* Assets.xcassets in Resources */ = {isa = PBXBuildFile; fileRef = 245F4A3D2164E71B0060E0DA /* Assets.xcassets */; };
		245F4A412164E71B0060E0DA /* LaunchScreen.storyboard in Resources */ = {isa = PBXBuildFile; fileRef = 245F4A3F2164E71B0060E0DA /* LaunchScreen.storyboard */; };
		245F4A492164E8E30060E0DA /* BossViewController.swift in Sources */ = {isa = PBXBuildFile; fileRef = 245F4A482164E8E30060E0DA /* BossViewController.swift */; };
/* End PBXBuildFile section */

/* Begin PBXFileReference section */
		245F4A332164E6FE0060E0DA /* ProtocalsDelegates.app */ = {isa = PBXFileReference; explicitFileType = wrapper.application; includeInIndex = 0; path = ProtocalsDelegates.app; sourceTree = BUILT_PRODUCTS_DIR; };
		245F4A362164E6FE0060E0DA /* AppDelegate.swift */ = {isa = PBXFileReference; lastKnownFileType = sourcecode.swift; path = AppDelegate.swift; sourceTree = "<group>"; };
		245F4A382164E6FE0060E0DA /* ViewController.swift */ = {isa = PBXFileReference; lastKnownFileType = sourcecode.swift; path = ViewController.swift; sourceTree = "<group>"; };
		245F4A3B2164E6FF0060E0DA /* Base */ = {isa = PBXFileReference; lastKnownFileType = file.storyboard; name = Base; path = Base.lproj/Main.storyboard; sourceTree = "<group>"; };
		245F4A3D2164E71B0060E0DA /* Assets.xcassets */ = {isa = PBXFileReference; lastKnownFileType = folder.assetcatalog; path = Assets.xcassets; sourceTree = "<group>"; };
		245F4A402164E71B0060E0DA /* Base */ = {isa = PBXFileReference; lastKnownFileType = file.storyboard; name = Base; path = Base.lproj/LaunchScreen.storyboard; sourceTree = "<group>"; };
		245F4A422164E71B0060E0DA /* Info.plist */ = {isa = PBXFileReference; lastKnownFileType = text.plist.xml; path = Info.plist; sourceTree = "<group>"; };
		245F4A482164E8E30060E0DA /* BossViewController.swift */ = {isa = PBXFileReference; lastKnownFileType = sourcecode.swift; path = BossViewController.swift; sourceTree = "<group>"; };
/* End PBXFileReference section */

/* Begin PBXFrameworksBuildPhase section */
		245F4A302164E6FD0060E0DA /* Frameworks */ = {
			isa = PBXFrameworksBuildPhase;
			buildActionMask = 2147483647;
			files = (
			);
			runOnlyForDeploymentPostprocessing = 0;
		};
/* End PBXFrameworksBuildPhase section */

/* Begin PBXGroup section */
		245F4A2A2164E6FD0060E0DA = {
			isa = PBXGroup;
			children = (
				245F4A352164E6FE0060E0DA /* ProtocalsDelegates */,
				245F4A342164E6FE0060E0DA /* Products */,
			);
			sourceTree = "<group>";
		};
		245F4A342164E6FE0060E0DA /* Products */ = {
			isa = PBXGroup;
			children = (
				245F4A332164E6FE0060E0DA /* ProtocalsDelegates.app */,
			);
			name = Products;
			sourceTree = "<group>";
		};
		245F4A352164E6FE0060E0DA /* ProtocalsDelegates */ = {
			isa = PBXGroup;
			children = (
				245F4A362164E6FE0060E0DA /* AppDelegate.swift */,
				245F4A382164E6FE0060E0DA /* ViewController.swift */,
				245F4A482164E8E30060E0DA /* BossViewController.swift */,
				245F4A3A2164E6FF0060E0DA /* Main.storyboard */,
				245F4A3D2164E71B0060E0DA /* Assets.xcassets */,
				245F4A3F2164E71B0060E0DA /* LaunchScreen.storyboard */,
				245F4A422164E71B0060E0DA /* Info.plist */,
			);
			path = ProtocalsDelegates;
			sourceTree = "<group>";
		};
/* End PBXGroup section */

/* Begin PBXNativeTarget section */
		245F4A322164E6FD0060E0DA /* ProtocalsDelegates */ = {
			isa = PBXNativeTarget;
			buildConfigurationList = 245F4A452164E71B0060E0DA /* Build configuration list for PBXNativeTarget "ProtocalsDelegates" */;
			buildPhases = (
				245F4A2F2164E6FD0060E0DA /* Sources */,
				245F4A302164E6FD0060E0DA /* Frameworks */,
				245F4A312164E6FD0060E0DA /* Resources */,
			);
			buildRules = (
			);
			dependencies = (
			);
			name = ProtocalsDelegates;
			productName = ProtocalsDelegates;
			productReference = 245F4A332164E6FE0060E0DA /* ProtocalsDelegates.app */;
			productType = "com.apple.product-type.application";
		};
/* End PBXNativeTarget section */

/* Begin PBXProject section */
		245F4A2B2164E6FD0060E0DA /* Project object */ = {
			isa = PBXProject;
			attributes = {
				LastSwiftUpdateCheck = 1000;
				LastUpgradeCheck = 1000;
				ORGANIZATIONNAME = "murali yarramsetti";
				TargetAttributes = {
					245F4A322164E6FD0060E0DA = {
						CreatedOnToolsVersion = 10.0;
					};
				};
			};
			buildConfigurationList = 245F4A2E2164E6FD0060E0DA /* Build configuration list for PBXProject "ProtocalsDelegates" */;
			compatibilityVersion = "Xcode 9.3";
			developmentRegion = en;
			hasScannedForEncodings = 0;
			knownRegions = (
				en,
				Base,
			);
			mainGroup = 245F4A2A2164E6FD0060E0DA;
			productRefGroup = 245F4A342164E6FE0060E0DA /* Products */;
			projectDirPath = "";
			projectRoot = "";
			targets = (
				245F4A322164E6FD0060E0DA /* ProtocalsDelegates */,
			);
		};
/* End PBXProject section */

/* Begin PBXResourcesBuildPhase section */
		245F4A312164E6FD0060E0DA /* Resources */ = {
			isa = PBXResourcesBuildPhase;
			buildActionMask = 2147483647;
			files = (
				245F4A412164E71B0060E0DA /* LaunchScreen.storyboard in Resources */,
				245F4A3E2164E71B0060E0DA /* Assets.xcassets in Resources */,
				245F4A3C2164E6FF0060E0DA /* Main.storyboard in Resources */,
			);
			runOnlyForDeploymentPostprocessing = 0;
		};
/* End PBXResourcesBuildPhase section */

/* Begin PBXSourcesBuildPhase section */
		245F4A2F2164E6FD0060E0DA /* Sources */ = {
			isa = PBXSourcesBuildPhase;
			buildActionMask = 2147483647;
			files = (
				245F4A392164E6FE0060E0DA /* ViewController.swift in Sources */,
				245F4A372164E6FE0060E0DA /* AppDelegate.swift in Sources */,
				245F4A492164E8E30060E0DA /* BossViewController.swift in Sources */,
			);
			runOnlyForDeploymentPostprocessing = 0;
		};
/* End PBXSourcesBuildPhase section */

/* Begin PBXVariantGroup section */
		245F4A3A2164E6FF0060E0DA /* Main.storyboard */ = {
			isa = PBXVariantGroup;
			children = (
				245F4A3B2164E6FF0060E0DA /* Base */,
			);
			name = Main.storyboard;
			sourceTree = "<group>";
		};
		245F4A3F2164E71B0060E0DA /* LaunchScreen.storyboard */ = {
			isa = PBXVariantGroup;
			children = (
				245F4A402164E71B0060E0DA /* Base */,
			);
			name = LaunchScreen.storyboard;
			sourceTree = "<group>";
		};
/* End PBXVariantGroup section */

/* Begin XCBuildConfiguration section */
		245F4A432164E71B0060E0DA /* Debug */ = {
			isa = XCBuildConfiguration;
			buildSettings = {
				ALWAYS_SEARCH_USER_PATHS = NO;
				CLANG_ANALYZER_NONNULL = YES;
				CLANG_ANALYZER_NUMBER_OBJECT_CONVERSION = YES_AGGRESSIVE;
				CLANG_CXX_LANGUAGE_STANDARD = "gnu++14";
				CLANG_CXX_LIBRARY = "libc++";
				CLANG_ENABLE_MODULES = YES;
				CLANG_ENABLE_OBJC_ARC = YES;
				CLANG_ENABLE_OBJC_WEAK = YES;
				CLANG_WARN_BLOCK_CAPTURE_AUTORELEASING = YES;
				CLANG_WARN_BOOL_CONVERSION = YES;
				CLANG_WARN_COMMA = YES;
				CLANG_WARN_CONSTANT_CONVERSION = YES;
				CLANG_WARN_DEPRECATED_OBJC_IMPLEMENTATIONS = YES;
				CLANG_WARN_DIRECT_OBJC_ISA_USAGE = YES_ERROR;
				CLANG_WARN_DOCUMENTATION_COMMENTS = YES;
				CLANG_WARN_EMPTY_BODY = YES;
				CLANG_WARN_ENUM_CONVERSION = YES;
				CLANG_WARN_INFINITE_RECURSION = YES;
				CLANG_WARN_INT_CONVERSION = YES;
				CLANG_WARN_NON_LITERAL_NULL_CONVERSION = YES;
				CLANG_WARN_OBJC_IMPLICIT_RETAIN_SELF = YES;
				CLANG_WARN_OBJC_LITERAL_CONVERSION = YES;
				CLANG_WARN_OBJC_ROOT_CLASS = YES_ERROR;
				CLANG_WARN_RANGE_LOOP_ANALYSIS = YES;
				CLANG_WARN_STRICT_PROTOTYPES = YES;
				CLANG_WARN_SUSPICIOUS_MOVE = YES;
				CLANG_WARN_UNGUARDED_AVAILABILITY = YES_AGGRESSIVE;
				CLANG_WARN_UNREACHABLE_CODE = YES;
				CLANG_WARN__DUPLICATE_METHOD_MATCH = YES;
				CODE_SIGN_IDENTITY = "iPhone Developer";
				COPY_PHASE_STRIP = NO;
				DEBUG_INFORMATION_FORMAT = dwarf;
				ENABLE_STRICT_OBJC_MSGSEND = YES;
				ENABLE_TESTABILITY = YES;
				GCC_C_LANGUAGE_STANDARD = gnu11;
				GCC_DYNAMIC_NO_PIC = NO;
				GCC_NO_COMMON_BLOCKS = YES;
				GCC_OPTIMIZATION_LEVEL = 0;
				GCC_PREPROCESSOR_DEFINITIONS = (
					"DEBUG=1",
					"$(inherited)",
				);
				GCC_WARN_64_TO_32_BIT_CONVERSION = YES;
				GCC_WARN_ABOUT_RETURN_TYPE = YES_ERROR;
				GCC_WARN_UNDECLARED_SELECTOR = YES;
				GCC_WARN_UNINITIALIZED_AUTOS = YES_AGGRESSIVE;
				GCC_WARN_UNUSED_FUNCTION = YES;
				GCC_WARN_UNUSED_VARIABLE = YES;
				IPHONEOS_DEPLOYMENT_TARGET = 12.0;
				MTL_ENABLE_DEBUG_INFO = INCLUDE_SOURCE;
				MTL_FAST_MATH = YES;
				ONLY_ACTIVE_ARCH = YES;
				SDKROOT = iphoneos;
				SWIFT_ACTIVE_COMPILATION_CONDITIONS = DEBUG;
				SWIFT_OPTIMIZATION_LEVEL = "-Onone";
			};
			name = Debug;
		};
		245F4A442164E71B0060E0DA /* Release */ = {
			isa = XCBuildConfiguration;
			buildSettings = {
				ALWAYS_SEARCH_USER_PATHS = NO;
				CLANG_ANALYZER_NONNULL = YES;
				CLANG_ANALYZER_NUMBER_OBJECT_CONVERSION = YES_AGGRESSIVE;
				CLANG_CXX_LANGUAGE_STANDARD = "gnu++14";
				CLANG_CXX_LIBRARY = "libc++";
				CLANG_ENABLE_MODULES = YES;
				CLANG_ENABLE_OBJC_ARC = YES;
				CLANG_ENABLE_OBJC_WEAK = YES;
				CLANG_WARN_BLOCK_CAPTURE_AUTORELEASING = YES;
				CLANG_WARN_BOOL_CONVERSION = YES;
				CLANG_WARN_COMMA = YES;
				CLANG_WARN_CONSTANT_CONVERSION = YES;
				CLANG_WARN_DEPRECATED_OBJC_IMPLEMENTATIONS = YES;
				CLANG_WARN_DIRECT_OBJC_ISA_USAGE = YES_ERROR;
				CLANG_WARN_DOCUMENTATION_COMMENTS = YES;
				CLANG_WARN_EMPTY_BODY = YES;
				CLANG_WARN_ENUM_CONVERSION = YES;
				CLANG_WARN_INFINITE_RECURSION = YES;
				CLANG_WARN_INT_CONVERSION = YES;
				CLANG_WARN_NON_LITERAL_NULL_CONVERSION = YES;
				CLANG_WARN_OBJC_IMPLICIT_RETAIN_SELF = YES;
				CLANG_WARN_OBJC_LITERAL_CONVERSION = YES;
				CLANG_WARN_OBJC_ROOT_CLASS = YES_ERROR;
				CLANG_WARN_RANGE_LOOP_ANALYSIS = YES;
				CLANG_WARN_STRICT_PROTOTYPES = YES;
				CLANG_WARN_SUSPICIOUS_MOVE = YES;
				CLANG_WARN_UNGUARDED_AVAILABILITY = YES_AGGRESSIVE;
				CLANG_WARN_UNREACHABLE_CODE = YES;
				CLANG_WARN__DUPLICATE_METHOD_MATCH = YES;
				CODE_SIGN_IDENTITY = "iPhone Developer";
				COPY_PHASE_STRIP = NO;
				DEBUG_INFORMATION_FORMAT = "dwarf-with-dsym";
				ENABLE_NS_ASSERTIONS = NO;
				ENABLE_STRICT_OBJC_MSGSEND = YES;
				GCC_C_LANGUAGE_STANDARD = gnu11;
				GCC_NO_COMMON_BLOCKS = YES;
				GCC_WARN_64_TO_32_BIT_CONVERSION = YES;
				GCC_WARN_ABOUT_RETURN_TYPE = YES_ERROR;
				GCC_WARN_UNDECLARED_SELECTOR = YES;
				GCC_WARN_UNINITIALIZED_AUTOS = YES_AGGRESSIVE;
				GCC_WARN_UNUSED_FUNCTION = YES;
				GCC_WARN_UNUSED_VARIABLE = YES;
				IPHONEOS_DEPLOYMENT_TARGET = 12.0;
				MTL_ENABLE_DEBUG_INFO = NO;
				MTL_FAST_MATH = YES;
				SDKROOT = iphoneos;
				SWIFT_COMPILATION_MODE = wholemodule;
				SWIFT_OPTIMIZATION_LEVEL = "-O";
				VALIDATE_PRODUCT = YES;
			};
			name = Release;
		};
		245F4A462164E71B0060E0DA /* Debug */ = {
			isa = XCBuildConfiguration;
			buildSettings = {
				ASSETCATALOG_COMPILER_APPICON_NAME = AppIcon;
				CODE_SIGN_STYLE = Automatic;
				DEVELOPMENT_TEAM = PAJV52DD48;
				INFOPLIST_FILE = ProtocalsDelegates/Info.plist;
				LD_RUNPATH_SEARCH_PATHS = (
					"$(inherited)",
					"@executable_path/Frameworks",
				);
				PRODUCT_BUNDLE_IDENTIFIER = com.Seat.ProtocalsDelegates;
				PRODUCT_NAME = "$(TARGET_NAME)";
				SWIFT_VERSION = 4.2;
				TARGETED_DEVICE_FAMILY = "1,2";
			};
			name = Debug;
		};
		245F4A472164E71B0060E0DA /* Release */ = {
			isa = XCBuildConfiguration;
			buildSettings = {
				ASSETCATALOG_COMPILER_APPICON_NAME = AppIcon;
				CODE_SIGN_STYLE = Automatic;
				DEVELOPMENT_TEAM = PAJV52DD48;
				INFOPLIST_FILE = ProtocalsDelegates/Info.plist;
				LD_RUNPATH_SEARCH_PATHS = (
					"$(inherited)",
					"@executable_path/Frameworks",
				);
				PRODUCT_BUNDLE_IDENTIFIER = com.Seat.ProtocalsDelegates;
				PRODUCT_NAME = "$(TARGET_NAME)";
				SWIFT_VERSION = 4.2;
				TARGETED_DEVICE_FAMILY = "1,2";
			};
			name = Release;
		};
/* End XCBuildConfiguration section */

/* Begin XCConfigurationList section */
		245F4A2E2164E6FD0060E0DA /* Build configuration list for PBXProject "ProtocalsDelegates" */ = {
			isa = XCConfigurationList;
			buildConfigurations = (
				245F4A432164E71B0060E0DA /* Debug */,
				245F4A442164E71B0060E0DA /* Release */,
			);
			defaultConfigurationIsVisible = 0;
			defaultConfigurationName = Release;
		};
		245F4A452164E71B0060E0DA /* Build configuration list for PBXNativeTarget "ProtocalsDelegates" */ = {
			isa = XCConfigurationList;
			buildConfigurations = (
				245F4A462164E71B0060E0DA /* Debug */,
				245F4A472164E71B0060E0DA /* Release */,
			);
			defaultConfigurationIsVisible = 0;
			defaultConfigurationName = Release;
		};
/* End XCConfigurationList section */
	};
	rootObject = 245F4A2B2164E6FD0060E0DA /* Project object */;
}
